
Microsoft Visual Studio Solution File, Format Version 12.00
# Visual Studio 15
VisualStudioVersion = 15.0.28010.2036
MinimumVisualStudioVersion = 10.0.40219.1
Project("{FAE04EC0-301F-11D3-BF4B-00C04F79EFBC}") = "Banking", "Banking\Banking.csproj", "{B9D3BB64-E60A-4F4D-A3A0-D5621451D185}"
EndProject
Global
	GlobalSection(SolutionConfigurationPlatforms) = preSolution
		Debug|Any CPU = Debug|Any CPU
		Release|Any CPU = Release|Any CPU
	EndGlobalSection
	GlobalSection(ProjectConfigurationPlatforms) = postSolution
		{B9D3BB64-E60A-4F4D-A3A0-D5621451D185}.Debug|Any CPU.ActiveCfg = Debug|Any CPU
		{B9D3BB64-E60A-4F4D-A3A0-D5621451D185}.Debug|Any CPU.Build.0 = Debug|Any CPU
		{B9D3BB64-E60A-4F4D-A3A0-D5621451D185}.Release|Any CPU.ActiveCfg = Release|Any CPU
		{B9D3BB64-E60A-4F4D-A3A0-D5621451D185}.Release|Any CPU.Build.0 = Release|Any CPU
	EndGlobalSection
	GlobalSection(SolutionProperties) = preSolution
		HideSolutionNode = FALSE
	EndGlobalSection
	GlobalSection(ExtensibilityGlobals) = postSolution
		SolutionGuid = {AFECC24C-3B9C-413D-876F-1B8749656172}
	EndGlobalSection
EndGlobal
